hash: a18ee610f3ef118c5c15b7baf3d73a9eaf2877f6d7da3d3ae6617a770e086fc9
updated: 2017-09-25T23:23:12.19458951+05:30
imports:
- name: github.com/garyburd/redigo
  version: 433969511232c397de61b1442f9fd49ec06ae9ba
  subpackages:
  - redis
- name: github.com/getsentry/raven-go
  version: dffeb57df75d6a911f00232155194e43d79d38d7
- name: github.com/gorilla/context
  version: 215affda49addc4c8ef7e2534915df2c8c35c6cd
- name: github.com/gorilla/mux
  version: 392c28fe23e1c45ddba891b0320b3b5df220beea
- name: github.com/jmoiron/sqlx
  version: 56b62f29e9936b8fc0db14ed01297f88ba518333
- name: github.com/lib/pq
  version: dc50b6ad2d3ee836442cf3389009c7cd1e64bb43
  subpackages:
  - oid
- name: github.com/newrelic/go-agent
  version: 60ed7aa03a85a1355b4189f66e23604de8f27d57
testImports: []
