hash: fcf07f2076a640215f43d1093a1e3e1fc5f596f3d6f714e908536e2db9b015f1
updated: 2017-09-15T19:04:26.179195616+05:30
imports:
- name: github.com/getsentry/raven-go
  version: dffeb57df75d6a911f00232155194e43d79d38d7
- name: github.com/gorilla/context
  version: 215affda49addc4c8ef7e2534915df2c8c35c6cd
- name: github.com/gorilla/mux
  version: 392c28fe23e1c45ddba891b0320b3b5df220beea
- name: github.com/jmoiron/sqlx
  version: 56b62f29e9936b8fc0db14ed01297f88ba518333
- name: github.com/lib/pq
  version: dc50b6ad2d3ee836442cf3389009c7cd1e64bb43
  subpackages:
  - oid
- name: github.com/newrelic/go-agent
  version: 60ed7aa03a85a1355b4189f66e23604de8f27d57
testImports: []
