hash: 0b56380831a0fa61eabeba9296965d0fc44b6805c2b46d9d466b4a2f388d9387
updated: 2017-10-14T10:15:01.563660987+05:30
imports:
- name: github.com/garyburd/redigo
  version: 433969511232c397de61b1442f9fd49ec06ae9ba
  subpackages:
  - internal
  - redis
- name: github.com/getsentry/raven-go
  version: dffeb57df75d6a911f00232155194e43d79d38d7
- name: github.com/gorilla/context
  version: 215affda49addc4c8ef7e2534915df2c8c35c6cd
- name: github.com/gorilla/mux
  version: 392c28fe23e1c45ddba891b0320b3b5df220beea
- name: github.com/jmoiron/sqlx
  version: 56b62f29e9936b8fc0db14ed01297f88ba518333
- name: github.com/lib/pq
  version: dc50b6ad2d3ee836442cf3389009c7cd1e64bb43
  subpackages:
  - oid
- name: github.com/newrelic/go-agent
  version: 60ed7aa03a85a1355b4189f66e23604de8f27d57
- name: github.com/Sirupsen/logrus
  version: ba1b36c82c5e05c4f912a88eab0dcd91a171688f
- name: golang.org/x/sys
  version: c200b10b5d5e122be351b67af224adc6128af5bf
  subpackages:
  - unix
testImports: []
